
Microsoft Visual Studio Solution File, Format Version 12.00
# Visual Studio 2013
VisualStudioVersion = 12.0.21005.1
MinimumVisualStudioVersion = 10.0.40219.1
Project("{FAE04EC0-301F-11D3-BF4B-00C04F79EFBC}") = "HandlerDemoAgain", "HandlerDemoAgain\HandlerDemoAgain.csproj", "{D54A7291-5501-4B15-BD43-C7BF641DD61E}"
EndProject
Global
	GlobalSection(SolutionConfigurationPlatforms) = preSolution
		Debug|Any CPU = Debug|Any CPU
		Release|Any CPU = Release|Any CPU
	EndGlobalSection
	GlobalSection(ProjectConfigurationPlatforms) = postSolution
		{D54A7291-5501-4B15-BD43-C7BF641DD61E}.Debug|Any CPU.ActiveCfg = Debug|Any CPU
		{D54A7291-5501-4B15-BD43-C7BF641DD61E}.Debug|Any CPU.Build.0 = Debug|Any CPU
		{D54A7291-5501-4B15-BD43-C7BF641DD61E}.Release|Any CPU.ActiveCfg = Release|Any CPU
		{D54A7291-5501-4B15-BD43-C7BF641DD61E}.Release|Any CPU.Build.0 = Release|Any CPU
	EndGlobalSection
	GlobalSection(SolutionProperties) = preSolution
		HideSolutionNode = FALSE
	EndGlobalSection
EndGlobal
