
Microsoft Visual Studio Solution File, Format Version 12.00
# Visual Studio 2012
Project("{FAE04EC0-301F-11D3-BF4B-00C04F79EFBC}") = "DatabaseDemo", "DatabaseDemo\DatabaseDemo.csproj", "{4F947A67-4A4E-464A-B0E1-F1541A33CB6D}"
EndProject
Global
	GlobalSection(SolutionConfigurationPlatforms) = preSolution
		Debug|Any CPU = Debug|Any CPU
		Release|Any CPU = Release|Any CPU
	EndGlobalSection
	GlobalSection(ProjectConfigurationPlatforms) = postSolution
		{4F947A67-4A4E-464A-B0E1-F1541A33CB6D}.Debug|Any CPU.ActiveCfg = Debug|Any CPU
		{4F947A67-4A4E-464A-B0E1-F1541A33CB6D}.Debug|Any CPU.Build.0 = Debug|Any CPU
		{4F947A67-4A4E-464A-B0E1-F1541A33CB6D}.Release|Any CPU.ActiveCfg = Release|Any CPU
		{4F947A67-4A4E-464A-B0E1-F1541A33CB6D}.Release|Any CPU.Build.0 = Release|Any CPU
	EndGlobalSection
	GlobalSection(SolutionProperties) = preSolution
		HideSolutionNode = FALSE
	EndGlobalSection
EndGlobal
