
Microsoft Visual Studio Solution File, Format Version 12.00
# Visual Studio 2012
Project("{FAE04EC0-301F-11D3-BF4B-00C04F79EFBC}") = "MembershipDemo2", "MembershipDemo2\MembershipDemo2.csproj", "{3AC097E0-58D4-4DE6-B8F0-F1381659882F}"
EndProject
Global
	GlobalSection(SolutionConfigurationPlatforms) = preSolution
		Debug|Any CPU = Debug|Any CPU
		Release|Any CPU = Release|Any CPU
	EndGlobalSection
	GlobalSection(ProjectConfigurationPlatforms) = postSolution
		{3AC097E0-58D4-4DE6-B8F0-F1381659882F}.Debug|Any CPU.ActiveCfg = Debug|Any CPU
		{3AC097E0-58D4-4DE6-B8F0-F1381659882F}.Debug|Any CPU.Build.0 = Debug|Any CPU
		{3AC097E0-58D4-4DE6-B8F0-F1381659882F}.Release|Any CPU.ActiveCfg = Release|Any CPU
		{3AC097E0-58D4-4DE6-B8F0-F1381659882F}.Release|Any CPU.Build.0 = Release|Any CPU
	EndGlobalSection
	GlobalSection(SolutionProperties) = preSolution
		HideSolutionNode = FALSE
	EndGlobalSection
EndGlobal
