
Microsoft Visual Studio Solution File, Format Version 12.00
# Visual Studio 2012
Project("{FAE04EC0-301F-11D3-BF4B-00C04F79EFBC}") = "ASPDemo", "ASPDemo\ASPDemo.csproj", "{B762A2B5-AE97-443D-9CC8-FAD2B7DF4EF1}"
EndProject
Global
	GlobalSection(SolutionConfigurationPlatforms) = preSolution
		Debug|Any CPU = Debug|Any CPU
		Release|Any CPU = Release|Any CPU
	EndGlobalSection
	GlobalSection(ProjectConfigurationPlatforms) = postSolution
		{B762A2B5-AE97-443D-9CC8-FAD2B7DF4EF1}.Debug|Any CPU.ActiveCfg = Debug|Any CPU
		{B762A2B5-AE97-443D-9CC8-FAD2B7DF4EF1}.Debug|Any CPU.Build.0 = Debug|Any CPU
		{B762A2B5-AE97-443D-9CC8-FAD2B7DF4EF1}.Release|Any CPU.ActiveCfg = Release|Any CPU
		{B762A2B5-AE97-443D-9CC8-FAD2B7DF4EF1}.Release|Any CPU.Build.0 = Release|Any CPU
	EndGlobalSection
	GlobalSection(SolutionProperties) = preSolution
		HideSolutionNode = FALSE
	EndGlobalSection
EndGlobal
