
Microsoft Visual Studio Solution File, Format Version 12.00
# Visual Studio 2013
VisualStudioVersion = 12.0.21005.1
MinimumVisualStudioVersion = 10.0.40219.1
Project("{FAE04EC0-301F-11D3-BF4B-00C04F79EFBC}") = "ASPXDemo", "ASPXDemo\ASPXDemo.csproj", "{78838B5A-06CC-4F33-87A3-EE10806ACCC1}"
EndProject
Global
	GlobalSection(SolutionConfigurationPlatforms) = preSolution
		Debug|Any CPU = Debug|Any CPU
		Release|Any CPU = Release|Any CPU
	EndGlobalSection
	GlobalSection(ProjectConfigurationPlatforms) = postSolution
		{78838B5A-06CC-4F33-87A3-EE10806ACCC1}.Debug|Any CPU.ActiveCfg = Debug|Any CPU
		{78838B5A-06CC-4F33-87A3-EE10806ACCC1}.Debug|Any CPU.Build.0 = Debug|Any CPU
		{78838B5A-06CC-4F33-87A3-EE10806ACCC1}.Release|Any CPU.ActiveCfg = Release|Any CPU
		{78838B5A-06CC-4F33-87A3-EE10806ACCC1}.Release|Any CPU.Build.0 = Release|Any CPU
	EndGlobalSection
	GlobalSection(SolutionProperties) = preSolution
		HideSolutionNode = FALSE
	EndGlobalSection
EndGlobal
